PODS:
  - OpenTok (2.11.1)
  - React (0.51.0):
    - React/Core (= 0.51.0)
  - React/Core (0.51.0):
    - yoga (= 0.51.0.React)
  - RNOpenTok (2.0.1):
    - OpenTok
    - React
  - yoga (0.51.0.React)

DEPENDENCIES:
  - React (from `../node_modules/react-native`)
  - RNOpenTok (from `../node_modules/react-native-opentok/ios`)
  - yoga (from `../node_modules/react-native/ReactCommon/yoga/yoga.podspec`)

EXTERNAL SOURCES:
  React:
    :path: ../node_modules/react-native
  RNOpenTok:
    :path: ../node_modules/react-native-opentok/ios
  yoga:
    :path: ../node_modules/react-native/ReactCommon/yoga/yoga.podspec

SPEC CHECKSUMS:
  OpenTok: 71593edaae9c18284d4b46eb22a4a4fa69964d21
  React: 541ba768b9855e10cdc76f55427a5cd0653ca806
  RNOpenTok: d1c4a4b8ebfa587c038a71c149b2b3821b11ccdf
  yoga: 17521bbb0dd54a47c0b3ac43253e78cdac7488e0

PODFILE CHECKSUM: 07e49618a1126822249c98579aa1fdf6f02da88c

COCOAPODS: 1.4.0
